{
  "name": "Timewise",
  "lockfileVersion": 3,
  "requires": true,
  "packages": {
    "": {
      "dependencies": {
        "ical.js": "^2.1.0"
      }
    },
    "node_modules/ical.js": {
      "version": "2.1.0",
      "resolved": "https://registry.npmjs.org/ical.js/-/ical.js-2.1.0.tgz",
      "integrity": "sha512-BOVfrH55xQ6kpS3muGvIXIg2l7p+eoe12/oS7R5yrO3TL/j/bLsR0PR+tYQESFbyTbvGgPHn9zQ6tI4FWyuSaQ==",
      "license": "MPL-2.0"
    }
  }
}
